{
  "nodes": {
    "devshell": {
      "locked": {
        "lastModified": 1611138330,
        "narHash": "sha256-sQ6ZG+g2mg30TQCXHL/cUub97E3WUE10zw0+9OVIVFo=",
        "owner": "numtide",
        "repo": "devshell",
        "rev": "302498da30ce4fb699aecc5f26702a758792753d",
        "type": "github"
      },
      "original": {
        "owner": "numtide",
        "repo": "devshell",
        "type": "github"
      }
    },
    "flakeUtils": {
      "locked": {
        "lastModified": 1610051610,
        "narHash": "sha256-U9rPz/usA1/Aohhk7Cmc2gBrEEKRzcW4nwPWMPwja4Y=",
        "owner": "numtide",
        "repo": "flake-utils",
        "rev": "3982c9903e93927c2164caa727cd3f6a0e6d14cc",
        "type": "github"
      },
      "original": {
        "owner": "numtide",
        "repo": "flake-utils",
        "type": "github"
      }
    },
    "nixpkgs": {
      "locked": {
        "lastModified": 1611139841,
        "narHash": "sha256-So2BN2p3vgPd7hSfOX4c8hLGyU4322k942HggsWTYnI=",
        "owner": "NixOS",
        "repo": "nixpkgs",
        "rev": "92c884dfd7140a6c3e6c717cf8990f7a78524331",
        "type": "github"
      },
      "original": {
        "id": "nixpkgs",
        "ref": "nixpkgs-unstable",
        "type": "indirect"
      }
    },
    "root": {
      "inputs": {
        "devshell": "devshell",
        "flakeUtils": "flakeUtils",
        "nixpkgs": "nixpkgs"
      }
    }
  },
  "root": "root",
  "version": 7
}
