{
  "nodes": {
    "devshell": {
      "locked": {
        "lastModified": 1620641550,
        "narHash": "sha256-o359KdI/LNiPL6EbirONff2MOvZHtZr9MgYx3R9oVFk=",
        "owner": "numtide",
        "repo": "devshell",
        "rev": "a47493423092f6c4c0a7eb605a7cd515a77db4a8",
        "type": "github"
      },
      "original": {
        "owner": "numtide",
        "repo": "devshell",
        "type": "github"
      }
    },
    "flakeUtils": {
      "locked": {
        "lastModified": 1620759905,
        "narHash": "sha256-WiyWawrgmyN0EdmiHyG2V+fqReiVi8bM9cRdMaKQOFg=",
        "owner": "numtide",
        "repo": "flake-utils",
        "rev": "b543720b25df6ffdfcf9227afafc5b8c1fabfae8",
        "type": "github"
      },
      "original": {
        "owner": "numtide",
        "repo": "flake-utils",
        "type": "github"
      }
    },
    "nixpkgs": {
      "locked": {
        "lastModified": 1621354075,
        "narHash": "sha256-bI5Y+VFFN+WWYBWgLUUoQRn0KHr4EXeGA52oJprECHs=",
        "owner": "NixOS",
        "repo": "nixpkgs",
        "rev": "40f26dfd652647880a6ec5b7d2f61acf47ff534f",
        "type": "github"
      },
      "original": {
        "id": "nixpkgs",
        "ref": "nixpkgs-unstable",
        "type": "indirect"
      }
    },
    "root": {
      "inputs": {
        "devshell": "devshell",
        "flakeUtils": "flakeUtils",
        "nixpkgs": "nixpkgs"
      }
    }
  },
  "root": "root",
  "version": 7
}
