{
  "nodes": {
    "devshell": {
      "locked": {
        "lastModified": 1610294226,
        "narHash": "sha256-OTgmGRlziJwuw4hFaDl3Kar1qpwXScvQs2eWnN3jTwI=",
        "owner": "numtide",
        "repo": "devshell",
        "rev": "17a8c6b64127a19b5136f9ce4dad17ca2934f4df",
        "type": "github"
      },
      "original": {
        "owner": "numtide",
        "repo": "devshell",
        "type": "github"
      }
    },
    "flakeUtils": {
      "locked": {
        "lastModified": 1610051610,
        "narHash": "sha256-U9rPz/usA1/Aohhk7Cmc2gBrEEKRzcW4nwPWMPwja4Y=",
        "owner": "numtide",
        "repo": "flake-utils",
        "rev": "3982c9903e93927c2164caa727cd3f6a0e6d14cc",
        "type": "github"
      },
      "original": {
        "owner": "numtide",
        "repo": "flake-utils",
        "type": "github"
      }
    },
    "nixpkgs": {
      "locked": {
        "lastModified": 1610694355,
        "narHash": "sha256-pbcMhpm/qIPfNBP5ztkg3sTNH0zcDozYYqrkcaZHhGA=",
        "owner": "NixOS",
        "repo": "nixpkgs",
        "rev": "495066a47fc259aa4fc5f7548e190fded2c7030e",
        "type": "github"
      },
      "original": {
        "id": "nixpkgs",
        "ref": "nixpkgs-unstable",
        "type": "indirect"
      }
    },
    "root": {
      "inputs": {
        "devshell": "devshell",
        "flakeUtils": "flakeUtils",
        "nixpkgs": "nixpkgs"
      }
    }
  },
  "root": "root",
  "version": 7
}
